
Microsoft Visual Studio Solution File, Format Version 12.00
# Visual Studio Version 16
VisualStudioVersion = 16.0.29102.190
MinimumVisualStudioVersion = 10.0.40219.1
Project("{FAE04EC0-301F-11D3-BF4B-00C04F79EFBC}") = "OdeToFood.Web", "OdeToFood.Web\OdeToFood.Web.csproj", "{81FD9EF7-F490-45E6-8EEB-26CB8B6010F7}"
EndProject
Project("{FAE04EC0-301F-11D3-BF4B-00C04F79EFBC}") = "OdeToFood.Data", "OdeToFood.Data\OdeToFood.Data.csproj", "{E8B8204F-38A1-4565-9A2A-64BFA0DF0C06}"
EndProject
Global
	GlobalSection(SolutionConfigurationPlatforms) = preSolution
		Debug|Any CPU = Debug|Any CPU
		Release|Any CPU = Release|Any CPU
	EndGlobalSection
	GlobalSection(ProjectConfigurationPlatforms) = postSolution
		{81FD9EF7-F490-45E6-8EEB-26CB8B6010F7}.Debug|Any CPU.ActiveCfg = Debug|Any CPU
		{81FD9EF7-F490-45E6-8EEB-26CB8B6010F7}.Debug|Any CPU.Build.0 = Debug|Any CPU
		{81FD9EF7-F490-45E6-8EEB-26CB8B6010F7}.Release|Any CPU.ActiveCfg = Release|Any CPU
		{81FD9EF7-F490-45E6-8EEB-26CB8B6010F7}.Release|Any CPU.Build.0 = Release|Any CPU
		{E8B8204F-38A1-4565-9A2A-64BFA0DF0C06}.Debug|Any CPU.ActiveCfg = Debug|Any CPU
		{E8B8204F-38A1-4565-9A2A-64BFA0DF0C06}.Debug|Any CPU.Build.0 = Debug|Any CPU
		{E8B8204F-38A1-4565-9A2A-64BFA0DF0C06}.Release|Any CPU.ActiveCfg = Release|Any CPU
		{E8B8204F-38A1-4565-9A2A-64BFA0DF0C06}.Release|Any CPU.Build.0 = Release|Any CPU
	EndGlobalSection
	GlobalSection(SolutionProperties) = preSolution
		HideSolutionNode = FALSE
	EndGlobalSection
	GlobalSection(ExtensibilityGlobals) = postSolution
		SolutionGuid = {8A6F58E2-528E-4287-8505-8A36FEAB270B}
	EndGlobalSection
EndGlobal
